
Microsoft Visual Studio Solution File, Format Version 12.00
# Visual Studio Version 17
VisualStudioVersion = 17.5.33627.172
MinimumVisualStudioVersion = 10.0.40219.1
Project("{FAE04EC0-301F-11D3-BF4B-00C04F79EFBC}") = "PRN211_Console", "PRN211_Console\PRN211_Console.csproj", "{467593DC-61D1-40C5-9113-9931A1C8735A}"
EndProject
Project("{FAE04EC0-301F-11D3-BF4B-00C04F79EFBC}") = "Service", "Service\Service.csproj", "{37AF30C5-5D9E-41D3-B042-E0D8D5818682}"
EndProject
Global
	GlobalSection(SolutionConfigurationPlatforms) = preSolution
		Debug|Any CPU = Debug|Any CPU
		Release|Any CPU = Release|Any CPU
	EndGlobalSection
	GlobalSection(ProjectConfigurationPlatforms) = postSolution
		{467593DC-61D1-40C5-9113-9931A1C8735A}.Debug|Any CPU.ActiveCfg = Debug|Any CPU
		{467593DC-61D1-40C5-9113-9931A1C8735A}.Debug|Any CPU.Build.0 = Debug|Any CPU
		{467593DC-61D1-40C5-9113-9931A1C8735A}.Release|Any CPU.ActiveCfg = Release|Any CPU
		{467593DC-61D1-40C5-9113-9931A1C8735A}.Release|Any CPU.Build.0 = Release|Any CPU
		{37AF30C5-5D9E-41D3-B042-E0D8D5818682}.Debug|Any CPU.ActiveCfg = Debug|Any CPU
		{37AF30C5-5D9E-41D3-B042-E0D8D5818682}.Debug|Any CPU.Build.0 = Debug|Any CPU
		{37AF30C5-5D9E-41D3-B042-E0D8D5818682}.Release|Any CPU.ActiveCfg = Release|Any CPU
		{37AF30C5-5D9E-41D3-B042-E0D8D5818682}.Release|Any CPU.Build.0 = Release|Any CPU
	EndGlobalSection
	GlobalSection(SolutionProperties) = preSolution
		HideSolutionNode = FALSE
	EndGlobalSection
	GlobalSection(ExtensibilityGlobals) = postSolution
		SolutionGuid = {5C4EAFD3-119B-40D8-841E-30EC9A07CFBB}
	EndGlobalSection
EndGlobal
